// !$*UTF8*$!
{
	archiveVersion = 1;
	classes = {
	};
	objectVersion = 50;
	objects = {

/* Begin PBXBuildFile section */
		870C3F1B22AC102100B4EF32 /* UrlCache.swift in Sources */ = {isa = PBXBuildFile; fileRef = 870C3F1A22AC102100B4EF32 /* UrlCache.swift */; };
		87345DB722DBD02B0035349D /* DnsSettingsViewController.swift in Sources */ = {isa = PBXBuildFile; fileRef = 87345DB622DBD02B0035349D /* DnsSettingsViewController.swift */; };
		873B266722EC9B17005BAA5F /* DnsViewController.swift in Sources */ = {isa = PBXBuildFile; fileRef = 873B266622EC9B16005BAA5F /* DnsViewController.swift */; };
		873B266B22EE0921005BAA5F /* PingRow.swift in Sources */ = {isa = PBXBuildFile; fileRef = 873B266A22EE0921005BAA5F /* PingRow.swift */; };
		873B266D22EE0A34005BAA5F /* PingHelper.swift in Sources */ = {isa = PBXBuildFile; fileRef = 873B266C22EE0A34005BAA5F /* PingHelper.swift */; };
		875CB7EC22A9C92D0059A7D6 /* DnsHelper.swift in Sources */ = {isa = PBXBuildFile; fileRef = 875CB7EB22A9C92D0059A7D6 /* DnsHelper.swift */; };
		875CB7F022A9D74E0059A7D6 /* Helper.swift in Sources */ = {isa = PBXBuildFile; fileRef = 875CB7EF22A9D74E0059A7D6 /* Helper.swift */; };
		875CB7F222A9D9A40059A7D6 /* DnsRow.swift in Sources */ = {isa = PBXBuildFile; fileRef = 875CB7F122A9D9A40059A7D6 /* DnsRow.swift */; };
		875F4FB322E002320089C1CA /* WhoIsViewController.swift in Sources */ = {isa = PBXBuildFile; fileRef = 875F4FB222E002320089C1CA /* WhoIsViewController.swift */; };
		875F4FB522E007EE0089C1CA /* WhoIsHelper.swift in Sources */ = {isa = PBXBuildFile; fileRef = 875F4FB422E007EE0089C1CA /* WhoIsHelper.swift */; };
		875F4FB722E13D4D0089C1CA /* WhoIsSettingsViewController.swift in Sources */ = {isa = PBXBuildFile; fileRef = 875F4FB622E13D4D0089C1CA /* WhoIsSettingsViewController.swift */; };
		875F4FB922E1C4720089C1CA /* DefaultSettings.plist in Resources */ = {isa = PBXBuildFile; fileRef = 875F4FB822E1C4720089C1CA /* DefaultSettings.plist */; };
		87642DB222F32073000D96C1 /* traceroute.h in Sources */ = {isa = PBXBuildFile; fileRef = 87642DB122F32073000D96C1 /* traceroute.h */; };
		8785F6B42319C8FD0056BFC6 /* TraceRouteSettingsViewController.swift in Sources */ = {isa = PBXBuildFile; fileRef = 8785F6B32319C8FD0056BFC6 /* TraceRouteSettingsViewController.swift */; };
		8785F6B5231DD5670056BFC6 /* whois.c in Sources */ = {isa = PBXBuildFile; fileRef = A570BFE323037962006AA478 /* whois.c */; };
		87BA48E522A5E9B200E8DDB9 /* AppDelegate.swift in Sources */ = {isa = PBXBuildFile; fileRef = 87BA48E422A5E9B200E8DDB9 /* AppDelegate.swift */; };
		87BA48E722A5E9B200E8DDB9 /* ViewController.swift in Sources */ = {isa = PBXBuildFile; fileRef = 87BA48E622A5E9B200E8DDB9 /* ViewController.swift */; };
		87BA48E922A5E9B300E8DDB9 /* Assets.xcassets in Resources */ = {isa = PBXBuildFile; fileRef = 87BA48E822A5E9B300E8DDB9 /* Assets.xcassets */; };
		87BA48EC22A5E9B300E8DDB9 /* Main.storyboard in Resources */ = {isa = PBXBuildFile; fileRef = 87BA48EA22A5E9B300E8DDB9 /* Main.storyboard */; };
		87CACECA22EE121A006C1C34 /* PingViewController.swift in Sources */ = {isa = PBXBuildFile; fileRef = 87CACEC922EE121A006C1C34 /* PingViewController.swift */; };
		87CACECC22EF906F006C1C34 /* PingSettingsViewController.swift in Sources */ = {isa = PBXBuildFile; fileRef = 87CACECB22EF906F006C1C34 /* PingSettingsViewController.swift */; };
		87CACECF22F0799A006C1C34 /* TraceRouteViewController.swift in Sources */ = {isa = PBXBuildFile; fileRef = 87CACECD22EFD83D006C1C34 /* TraceRouteViewController.swift */; };
		87CACED122F07BA5006C1C34 /* TraceRouteHelper.swift in Sources */ = {isa = PBXBuildFile; fileRef = 87CACED022F07BA5006C1C34 /* TraceRouteHelper.swift */; };
		87CACED322F07BEC006C1C34 /* TraceRouteRow.swift in Sources */ = {isa = PBXBuildFile; fileRef = 87CACED222F07BEC006C1C34 /* TraceRouteRow.swift */; };
		87CACEDD22F1091A006C1C34 /* traceroute.c in Sources */ = {isa = PBXBuildFile; fileRef = 87CACEDC22F1091A006C1C34 /* traceroute.c */; };
		A570BFE122FA1788006AA478 /* ping.c in Sources */ = {isa = PBXBuildFile; fileRef = A570BFE022FA1788006AA478 /* ping.c */; };
		A5F198C923079A1F006E1272 /* ErrorBoxViewController.swift in Sources */ = {isa = PBXBuildFile; fileRef = A5F198C823079A1F006E1272 /* ErrorBoxViewController.swift */; };
		A5F198CC23084BAD006E1272 /* common.c in Sources */ = {isa = PBXBuildFile; fileRef = A5F198CB23084BAD006E1272 /* common.c */; };
/* End PBXBuildFile section */

/* Begin PBXFileReference section */
		870C3F1A22AC102100B4EF32 /* UrlCache.swift */ = {isa = PBXFileReference; lastKnownFileType = sourcecode.swift; path = UrlCache.swift; sourceTree = "<group>"; };
		87345DB622DBD02B0035349D /* DnsSettingsViewController.swift */ = {isa = PBXFileReference; lastKnownFileType = sourcecode.swift; path = DnsSettingsViewController.swift; sourceTree = "<group>"; };
		873B266622EC9B16005BAA5F /* DnsViewController.swift */ = {isa = PBXFileReference; lastKnownFileType = sourcecode.swift; path = DnsViewController.swift; sourceTree = "<group>"; };
		873B266A22EE0921005BAA5F /* PingRow.swift */ = {isa = PBXFileReference; lastKnownFileType = sourcecode.swift; path = PingRow.swift; sourceTree = "<group>"; };
		873B266C22EE0A34005BAA5F /* PingHelper.swift */ = {isa = PBXFileReference; lastKnownFileType = sourcecode.swift; path = PingHelper.swift; sourceTree = "<group>"; };
		875CB7EB22A9C92D0059A7D6 /* DnsHelper.swift */ = {isa = PBXFileReference; lastKnownFileType = sourcecode.swift; path = DnsHelper.swift; sourceTree = "<group>"; };
		875CB7EF22A9D74E0059A7D6 /* Helper.swift */ = {isa = PBXFileReference; lastKnownFileType = sourcecode.swift; path = Helper.swift; sourceTree = "<group>"; };
		875CB7F122A9D9A40059A7D6 /* DnsRow.swift */ = {isa = PBXFileReference; lastKnownFileType = sourcecode.swift; path = DnsRow.swift; sourceTree = "<group>"; };
		875F4FB222E002320089C1CA /* WhoIsViewController.swift */ = {isa = PBXFileReference; lastKnownFileType = sourcecode.swift; path = WhoIsViewController.swift; sourceTree = "<group>"; };
		875F4FB422E007EE0089C1CA /* WhoIsHelper.swift */ = {isa = PBXFileReference; lastKnownFileType = sourcecode.swift; path = WhoIsHelper.swift; sourceTree = "<group>"; };
		875F4FB622E13D4D0089C1CA /* WhoIsSettingsViewController.swift */ = {isa = PBXFileReference; lastKnownFileType = sourcecode.swift; path = WhoIsSettingsViewController.swift; sourceTree = "<group>"; };
		875F4FB822E1C4720089C1CA /* DefaultSettings.plist */ = {isa = PBXFileReference; lastKnownFileType = text.plist.xml; path = DefaultSettings.plist; sourceTree = "<group>"; };
		87642DB122F32073000D96C1 /* traceroute.h */ = {isa = PBXFileReference; lastKnownFileType = sourcecode.c.h; path = traceroute.h; sourceTree = "<group>"; };
		8785F6B32319C8FD0056BFC6 /* TraceRouteSettingsViewController.swift */ = {isa = PBXFileReference; lastKnownFileType = sourcecode.swift; path = TraceRouteSettingsViewController.swift; sourceTree = "<group>"; };
		87BA48E122A5E9B200E8DDB9 /* DomainMaster.app */ = {isa = PBXFileReference; explicitFileType = wrapper.application; includeInIndex = 0; path = DomainMaster.app; sourceTree = BUILT_PRODUCTS_DIR; };
		87BA48E422A5E9B200E8DDB9 /* AppDelegate.swift */ = {isa = PBXFileReference; lastKnownFileType = sourcecode.swift; path = AppDelegate.swift; sourceTree = "<group>"; };
		87BA48E622A5E9B200E8DDB9 /* ViewController.swift */ = {isa = PBXFileReference; lastKnownFileType = sourcecode.swift; path = ViewController.swift; sourceTree = "<group>"; };
		87BA48E822A5E9B300E8DDB9 /* Assets.xcassets */ = {isa = PBXFileReference; lastKnownFileType = folder.assetcatalog; path = Assets.xcassets; sourceTree = "<group>"; };
		87BA48EB22A5E9B300E8DDB9 /* Base */ = {isa = PBXFileReference; lastKnownFileType = file.storyboard; name = Base; path = Base.lproj/Main.storyboard; sourceTree = "<group>"; };
		87BA48ED22A5E9B300E8DDB9 /* Info.plist */ = {isa = PBXFileReference; lastKnownFileType = text.plist.xml; path = Info.plist; sourceTree = "<group>"; };
		87BA48EE22A5E9B300E8DDB9 /* DomainMaster.entitlements */ = {isa = PBXFileReference; lastKnownFileType = text.plist.entitlements; path = DomainMaster.entitlements; sourceTree = "<group>"; };
		87CACEC922EE121A006C1C34 /* PingViewController.swift */ = {isa = PBXFileReference; lastKnownFileType = sourcecode.swift; path = PingViewController.swift; sourceTree = "<group>"; };
		87CACECB22EF906F006C1C34 /* PingSettingsViewController.swift */ = {isa = PBXFileReference; lastKnownFileType = sourcecode.swift; path = PingSettingsViewController.swift; sourceTree = "<group>"; };
		87CACECD22EFD83D006C1C34 /* TraceRouteViewController.swift */ = {isa = PBXFileReference; lastKnownFileType = sourcecode.swift; path = TraceRouteViewController.swift; sourceTree = "<group>"; };
		87CACED022F07BA5006C1C34 /* TraceRouteHelper.swift */ = {isa = PBXFileReference; lastKnownFileType = sourcecode.swift; path = TraceRouteHelper.swift; sourceTree = "<group>"; };
		87CACED222F07BEC006C1C34 /* TraceRouteRow.swift */ = {isa = PBXFileReference; lastKnownFileType = sourcecode.swift; path = TraceRouteRow.swift; sourceTree = "<group>"; };
		87CACEDA22F1091A006C1C34 /* DomainMaster-Bridging-Header.h */ = {isa = PBXFileReference; lastKnownFileType = sourcecode.c.h; path = "DomainMaster-Bridging-Header.h"; sourceTree = "<group>"; };
		87CACEDC22F1091A006C1C34 /* traceroute.c */ = {isa = PBXFileReference; lastKnownFileType = sourcecode.c.c; path = traceroute.c; sourceTree = "<group>"; };
		A570BFDF22FA1788006AA478 /* ping.h */ = {isa = PBXFileReference; lastKnownFileType = sourcecode.c.h; path = ping.h; sourceTree = "<group>"; };
		A570BFE022FA1788006AA478 /* ping.c */ = {isa = PBXFileReference; lastKnownFileType = sourcecode.c.c; path = ping.c; sourceTree = "<group>"; };
		A570BFE223037962006AA478 /* whois.h */ = {isa = PBXFileReference; lastKnownFileType = sourcecode.c.h; path = whois.h; sourceTree = "<group>"; };
		A570BFE323037962006AA478 /* whois.c */ = {isa = PBXFileReference; lastKnownFileType = sourcecode.c.c; path = whois.c; sourceTree = "<group>"; };
		A5F198C823079A1F006E1272 /* ErrorBoxViewController.swift */ = {isa = PBXFileReference; lastKnownFileType = sourcecode.swift; path = ErrorBoxViewController.swift; sourceTree = "<group>"; };
		A5F198CA23084BAD006E1272 /* common.h */ = {isa = PBXFileReference; lastKnownFileType = sourcecode.c.h; path = common.h; sourceTree = "<group>"; };
		A5F198CB23084BAD006E1272 /* common.c */ = {isa = PBXFileReference; lastKnownFileType = sourcecode.c.c; path = common.c; sourceTree = "<group>"; };
/* End PBXFileReference section */

/* Begin PBXFrameworksBuildPhase section */
		87BA48DE22A5E9B200E8DDB9 /* Frameworks */ = {
			isa = PBXFrameworksBuildPhase;
			buildActionMask = 2147483647;
			files = (
			);
			runOnlyForDeploymentPostprocessing = 0;
		};
/* End PBXFrameworksBuildPhase section */

/* Begin PBXGroup section */
		5356CDF428AF56BF490730D5 /* Frameworks */ = {
			isa = PBXGroup;
			children = (
			);
			name = Frameworks;
			sourceTree = "<group>";
		};
		87BA48D822A5E9B200E8DDB9 = {
			isa = PBXGroup;
			children = (
				87BA48E322A5E9B200E8DDB9 /* DomainMaster */,
				87BA48E222A5E9B200E8DDB9 /* Products */,
				5356CDF428AF56BF490730D5 /* Frameworks */,
			);
			sourceTree = "<group>";
		};
		87BA48E222A5E9B200E8DDB9 /* Products */ = {
			isa = PBXGroup;
			children = (
				87BA48E122A5E9B200E8DDB9 /* DomainMaster.app */,
			);
			name = Products;
			sourceTree = "<group>";
		};
		87BA48E322A5E9B200E8DDB9 /* DomainMaster */ = {
			isa = PBXGroup;
			children = (
				A5F198CA23084BAD006E1272 /* common.h */,
				A5F198CB23084BAD006E1272 /* common.c */,
				87BA48ED22A5E9B300E8DDB9 /* Info.plist */,
				A570BFE923037C1D006AA478 /* plists */,
				A570BFE823037BE8006AA478 /* nslookup */,
				A570BFE723037BCB006AA478 /* whois */,
				A570BFE623037B9F006AA478 /* traceroute */,
				A570BFE523037B7F006AA478 /* ping */,
				870C3F1A22AC102100B4EF32 /* UrlCache.swift */,
				87BA48E422A5E9B200E8DDB9 /* AppDelegate.swift */,
				87BA48E622A5E9B200E8DDB9 /* ViewController.swift */,
				A5F198C823079A1F006E1272 /* ErrorBoxViewController.swift */,
				87BA48E822A5E9B300E8DDB9 /* Assets.xcassets */,
				87BA48EA22A5E9B300E8DDB9 /* Main.storyboard */,
				87BA48EE22A5E9B300E8DDB9 /* DomainMaster.entitlements */,
				875CB7EF22A9D74E0059A7D6 /* Helper.swift */,
				87CACEDA22F1091A006C1C34 /* DomainMaster-Bridging-Header.h */,
			);
			path = DomainMaster;
			sourceTree = "<group>";
		};
		A570BFE523037B7F006AA478 /* ping */ = {
			isa = PBXGroup;
			children = (
				A570BFDF22FA1788006AA478 /* ping.h */,
				A570BFE022FA1788006AA478 /* ping.c */,
				87CACECB22EF906F006C1C34 /* PingSettingsViewController.swift */,
				873B266A22EE0921005BAA5F /* PingRow.swift */,
				873B266C22EE0A34005BAA5F /* PingHelper.swift */,
				87CACEC922EE121A006C1C34 /* PingViewController.swift */,
			);
			path = ping;
			sourceTree = "<group>";
		};
		A570BFE623037B9F006AA478 /* traceroute */ = {
			isa = PBXGroup;
			children = (
				87CACEDC22F1091A006C1C34 /* traceroute.c */,
				87642DB122F32073000D96C1 /* traceroute.h */,
				87CACED222F07BEC006C1C34 /* TraceRouteRow.swift */,
				87CACED022F07BA5006C1C34 /* TraceRouteHelper.swift */,
				87CACECD22EFD83D006C1C34 /* TraceRouteViewController.swift */,
				8785F6B32319C8FD0056BFC6 /* TraceRouteSettingsViewController.swift */,
			);
			path = traceroute;
			sourceTree = "<group>";
		};
		A570BFE723037BCB006AA478 /* whois */ = {
			isa = PBXGroup;
			children = (
				A570BFE223037962006AA478 /* whois.h */,
				A570BFE323037962006AA478 /* whois.c */,
				875F4FB422E007EE0089C1CA /* WhoIsHelper.swift */,
				875F4FB222E002320089C1CA /* WhoIsViewController.swift */,
				875F4FB622E13D4D0089C1CA /* WhoIsSettingsViewController.swift */,
			);
			path = whois;
			sourceTree = "<group>";
		};
		A570BFE823037BE8006AA478 /* nslookup */ = {
			isa = PBXGroup;
			children = (
				875CB7EB22A9C92D0059A7D6 /* DnsHelper.swift */,
				873B266622EC9B16005BAA5F /* DnsViewController.swift */,
				87345DB622DBD02B0035349D /* DnsSettingsViewController.swift */,
				875CB7F122A9D9A40059A7D6 /* DnsRow.swift */,
			);
			path = nslookup;
			sourceTree = "<group>";
		};
		A570BFE923037C1D006AA478 /* plists */ = {
			isa = PBXGroup;
			children = (
				875F4FB822E1C4720089C1CA /* DefaultSettings.plist */,
			);
			path = plists;
			sourceTree = "<group>";
		};
/* End PBXGroup section */

/* Begin PBXNativeTarget section */
		87BA48E022A5E9B200E8DDB9 /* DomainMaster */ = {
			isa = PBXNativeTarget;
			buildConfigurationList = 87BA48F122A5E9B300E8DDB9 /* Build configuration list for PBXNativeTarget "DomainMaster" */;
			buildPhases = (
				87BA48DD22A5E9B200E8DDB9 /* Sources */,
				87BA48DE22A5E9B200E8DDB9 /* Frameworks */,
				87BA48DF22A5E9B200E8DDB9 /* Resources */,
			);
			buildRules = (
			);
			dependencies = (
			);
			name = DomainMaster;
			productName = product2;
			productReference = 87BA48E122A5E9B200E8DDB9 /* DomainMaster.app */;
			productType = "com.apple.product-type.application";
		};
/* End PBXNativeTarget section */

/* Begin PBXProject section */
		87BA48D922A5E9B200E8DDB9 /* Project object */ = {
			isa = PBXProject;
			attributes = {
				LastSwiftUpdateCheck = 1020;
				LastUpgradeCheck = 1020;
				ORGANIZATIONNAME = "Andrew Schools";
				TargetAttributes = {
					87BA48E022A5E9B200E8DDB9 = {
						CreatedOnToolsVersion = 10.2.1;
						LastSwiftMigration = 1030;
						SystemCapabilities = {
							com.apple.Sandbox = {
								enabled = 0;
							};
						};
					};
				};
			};
			buildConfigurationList = 87BA48DC22A5E9B200E8DDB9 /* Build configuration list for PBXProject "DomainMaster" */;
			compatibilityVersion = "Xcode 9.3";
			developmentRegion = en;
			hasScannedForEncodings = 0;
			knownRegions = (
				en,
				Base,
			);
			mainGroup = 87BA48D822A5E9B200E8DDB9;
			productRefGroup = 87BA48E222A5E9B200E8DDB9 /* Products */;
			projectDirPath = "";
			projectRoot = "";
			targets = (
				87BA48E022A5E9B200E8DDB9 /* DomainMaster */,
			);
		};
/* End PBXProject section */

/* Begin PBXResourcesBuildPhase section */
		87BA48DF22A5E9B200E8DDB9 /* Resources */ = {
			isa = PBXResourcesBuildPhase;
			buildActionMask = 2147483647;
			files = (
				87BA48E922A5E9B300E8DDB9 /* Assets.xcassets in Resources */,
				87BA48EC22A5E9B300E8DDB9 /* Main.storyboard in Resources */,
				875F4FB922E1C4720089C1CA /* DefaultSettings.plist in Resources */,
			);
			runOnlyForDeploymentPostprocessing = 0;
		};
/* End PBXResourcesBuildPhase section */

/* Begin PBXSourcesBuildPhase section */
		87BA48DD22A5E9B200E8DDB9 /* Sources */ = {
			isa = PBXSourcesBuildPhase;
			buildActionMask = 2147483647;
			files = (
				8785F6B5231DD5670056BFC6 /* whois.c in Sources */,
				8785F6B42319C8FD0056BFC6 /* TraceRouteSettingsViewController.swift in Sources */,
				87CACED122F07BA5006C1C34 /* TraceRouteHelper.swift in Sources */,
				87CACECF22F0799A006C1C34 /* TraceRouteViewController.swift in Sources */,
				873B266722EC9B17005BAA5F /* DnsViewController.swift in Sources */,
				87BA48E722A5E9B200E8DDB9 /* ViewController.swift in Sources */,
				87CACED322F07BEC006C1C34 /* TraceRouteRow.swift in Sources */,
				875F4FB522E007EE0089C1CA /* WhoIsHelper.swift in Sources */,
				873B266D22EE0A34005BAA5F /* PingHelper.swift in Sources */,
				87CACECC22EF906F006C1C34 /* PingSettingsViewController.swift in Sources */,
				875CB7EC22A9C92D0059A7D6 /* DnsHelper.swift in Sources */,
				87CACEDD22F1091A006C1C34 /* traceroute.c in Sources */,
				875F4FB322E002320089C1CA /* WhoIsViewController.swift in Sources */,
				87BA48E522A5E9B200E8DDB9 /* AppDelegate.swift in Sources */,
				87345DB722DBD02B0035349D /* DnsSettingsViewController.swift in Sources */,
				87CACECA22EE121A006C1C34 /* PingViewController.swift in Sources */,
				875CB7F022A9D74E0059A7D6 /* Helper.swift in Sources */,
				87642DB222F32073000D96C1 /* traceroute.h in Sources */,
				873B266B22EE0921005BAA5F /* PingRow.swift in Sources */,
				A5F198CC23084BAD006E1272 /* common.c in Sources */,
				875F4FB722E13D4D0089C1CA /* WhoIsSettingsViewController.swift in Sources */,
				A570BFE122FA1788006AA478 /* ping.c in Sources */,
				875CB7F222A9D9A40059A7D6 /* DnsRow.swift in Sources */,
				A5F198C923079A1F006E1272 /* ErrorBoxViewController.swift in Sources */,
				870C3F1B22AC102100B4EF32 /* UrlCache.swift in Sources */,
			);
			runOnlyForDeploymentPostprocessing = 0;
		};
/* End PBXSourcesBuildPhase section */

/* Begin PBXVariantGroup section */
		87BA48EA22A5E9B300E8DDB9 /* Main.storyboard */ = {
			isa = PBXVariantGroup;
			children = (
				87BA48EB22A5E9B300E8DDB9 /* Base */,
			);
			name = Main.storyboard;
			sourceTree = "<group>";
		};
/* End PBXVariantGroup section */

/* Begin XCBuildConfiguration section */
		87BA48EF22A5E9B300E8DDB9 /* Debug */ = {
			isa = XCBuildConfiguration;
			buildSettings = {
				ALWAYS_SEARCH_USER_PATHS = NO;
				CLANG_ANALYZER_NONNULL = YES;
				CLANG_ANALYZER_NUMBER_OBJECT_CONVERSION = YES_AGGRESSIVE;
				CLANG_CXX_LANGUAGE_STANDARD = "gnu++14";
				CLANG_CXX_LIBRARY = "libc++";
				CLANG_ENABLE_MODULES = YES;
				CLANG_ENABLE_OBJC_ARC = YES;
				CLANG_ENABLE_OBJC_WEAK = YES;
				CLANG_WARN_BLOCK_CAPTURE_AUTORELEASING = YES;
				CLANG_WARN_BOOL_CONVERSION = YES;
				CLANG_WARN_COMMA = YES;
				CLANG_WARN_CONSTANT_CONVERSION = YES;
				CLANG_WARN_DEPRECATED_OBJC_IMPLEMENTATIONS = YES;
				CLANG_WARN_DIRECT_OBJC_ISA_USAGE = YES_ERROR;
				CLANG_WARN_DOCUMENTATION_COMMENTS = YES;
				CLANG_WARN_EMPTY_BODY = YES;
				CLANG_WARN_ENUM_CONVERSION = YES;
				CLANG_WARN_INFINITE_RECURSION = YES;
				CLANG_WARN_INT_CONVERSION = YES;
				CLANG_WARN_NON_LITERAL_NULL_CONVERSION = YES;
				CLANG_WARN_OBJC_IMPLICIT_RETAIN_SELF = YES;
				CLANG_WARN_OBJC_LITERAL_CONVERSION = YES;
				CLANG_WARN_OBJC_ROOT_CLASS = YES_ERROR;
				CLANG_WARN_RANGE_LOOP_ANALYSIS = YES;
				CLANG_WARN_STRICT_PROTOTYPES = YES;
				CLANG_WARN_SUSPICIOUS_MOVE = YES;
				CLANG_WARN_UNGUARDED_AVAILABILITY = YES_AGGRESSIVE;
				CLANG_WARN_UNREACHABLE_CODE = YES;
				CLANG_WARN__DUPLICATE_METHOD_MATCH = YES;
				CODE_SIGN_IDENTITY = "-";
				COPY_PHASE_STRIP = NO;
				DEBUG_INFORMATION_FORMAT = dwarf;
				ENABLE_STRICT_OBJC_MSGSEND = YES;
				ENABLE_TESTABILITY = YES;
				GCC_C_LANGUAGE_STANDARD = gnu11;
				GCC_DYNAMIC_NO_PIC = NO;
				GCC_NO_COMMON_BLOCKS = YES;
				GCC_OPTIMIZATION_LEVEL = 0;
				GCC_PREPROCESSOR_DEFINITIONS = (
					"DEBUG=1",
					"$(inherited)",
				);
				GCC_WARN_64_TO_32_BIT_CONVERSION = YES;
				GCC_WARN_ABOUT_RETURN_TYPE = YES_ERROR;
				GCC_WARN_UNDECLARED_SELECTOR = YES;
				GCC_WARN_UNINITIALIZED_AUTOS = YES_AGGRESSIVE;
				GCC_WARN_UNUSED_FUNCTION = YES;
				GCC_WARN_UNUSED_VARIABLE = YES;
				MACOSX_DEPLOYMENT_TARGET = 10.14;
				MTL_ENABLE_DEBUG_INFO = INCLUDE_SOURCE;
				MTL_FAST_MATH = YES;
				ONLY_ACTIVE_ARCH = YES;
				SDKROOT = macosx;
				SWIFT_ACTIVE_COMPILATION_CONDITIONS = DEBUG;
				SWIFT_OPTIMIZATION_LEVEL = "-Onone";
			};
			name = Debug;
		};
		87BA48F022A5E9B300E8DDB9 /* Release */ = {
			isa = XCBuildConfiguration;
			buildSettings = {
				ALWAYS_SEARCH_USER_PATHS = NO;
				CLANG_ANALYZER_NONNULL = YES;
				CLANG_ANALYZER_NUMBER_OBJECT_CONVERSION = YES_AGGRESSIVE;
				CLANG_CXX_LANGUAGE_STANDARD = "gnu++14";
				CLANG_CXX_LIBRARY = "libc++";
				CLANG_ENABLE_MODULES = YES;
				CLANG_ENABLE_OBJC_ARC = YES;
				CLANG_ENABLE_OBJC_WEAK = YES;
				CLANG_WARN_BLOCK_CAPTURE_AUTORELEASING = YES;
				CLANG_WARN_BOOL_CONVERSION = YES;
				CLANG_WARN_COMMA = YES;
				CLANG_WARN_CONSTANT_CONVERSION = YES;
				CLANG_WARN_DEPRECATED_OBJC_IMPLEMENTATIONS = YES;
				CLANG_WARN_DIRECT_OBJC_ISA_USAGE = YES_ERROR;
				CLANG_WARN_DOCUMENTATION_COMMENTS = YES;
				CLANG_WARN_EMPTY_BODY = YES;
				CLANG_WARN_ENUM_CONVERSION = YES;
				CLANG_WARN_INFINITE_RECURSION = YES;
				CLANG_WARN_INT_CONVERSION = YES;
				CLANG_WARN_NON_LITERAL_NULL_CONVERSION = YES;
				CLANG_WARN_OBJC_IMPLICIT_RETAIN_SELF = YES;
				CLANG_WARN_OBJC_LITERAL_CONVERSION = YES;
				CLANG_WARN_OBJC_ROOT_CLASS = YES_ERROR;
				CLANG_WARN_RANGE_LOOP_ANALYSIS = YES;
				CLANG_WARN_STRICT_PROTOTYPES = YES;
				CLANG_WARN_SUSPICIOUS_MOVE = YES;
				CLANG_WARN_UNGUARDED_AVAILABILITY = YES_AGGRESSIVE;
				CLANG_WARN_UNREACHABLE_CODE = YES;
				CLANG_WARN__DUPLICATE_METHOD_MATCH = YES;
				CODE_SIGN_IDENTITY = "-";
				COPY_PHASE_STRIP = NO;
				DEBUG_INFORMATION_FORMAT = "dwarf-with-dsym";
				ENABLE_NS_ASSERTIONS = NO;
				ENABLE_STRICT_OBJC_MSGSEND = YES;
				GCC_C_LANGUAGE_STANDARD = gnu11;
				GCC_NO_COMMON_BLOCKS = YES;
				GCC_WARN_64_TO_32_BIT_CONVERSION = YES;
				GCC_WARN_ABOUT_RETURN_TYPE = YES_ERROR;
				GCC_WARN_UNDECLARED_SELECTOR = YES;
				GCC_WARN_UNINITIALIZED_AUTOS = YES_AGGRESSIVE;
				GCC_WARN_UNUSED_FUNCTION = YES;
				GCC_WARN_UNUSED_VARIABLE = YES;
				MACOSX_DEPLOYMENT_TARGET = 10.14;
				MTL_ENABLE_DEBUG_INFO = NO;
				MTL_FAST_MATH = YES;
				SDKROOT = macosx;
				SWIFT_COMPILATION_MODE = wholemodule;
				SWIFT_OPTIMIZATION_LEVEL = "-O";
			};
			name = Release;
		};
		87BA48F222A5E9B300E8DDB9 /* Debug */ = {
			isa = XCBuildConfiguration;
			buildSettings = {
				ASSETCATALOG_COMPILER_APPICON_NAME = AppIcon;
				CLANG_ENABLE_MODULES = YES;
				CODE_SIGN_STYLE = Automatic;
				COMBINE_HIDPI_IMAGES = YES;
				INFOPLIST_FILE = "$(SRCROOT)/DomainMaster/Info.plist";
				LD_RUNPATH_SEARCH_PATHS = (
					"$(inherited)",
					"@executable_path/../Frameworks",
				);
				PRODUCT_BUNDLE_IDENTIFIER = com.schools.domainmaster;
				PRODUCT_NAME = "$(TARGET_NAME)";
				SWIFT_OBJC_BRIDGING_HEADER = "DomainMaster/DomainMaster-Bridging-Header.h";
				SWIFT_OPTIMIZATION_LEVEL = "-Onone";
				SWIFT_VERSION = 5.0;
			};
			name = Debug;
		};
		87BA48F322A5E9B300E8DDB9 /* Release */ = {
			isa = XCBuildConfiguration;
			buildSettings = {
				ASSETCATALOG_COMPILER_APPICON_NAME = AppIcon;
				CLANG_ENABLE_MODULES = YES;
				CODE_SIGN_STYLE = Automatic;
				COMBINE_HIDPI_IMAGES = YES;
				INFOPLIST_FILE = "$(SRCROOT)/DomainMaster/Info.plist";
				LD_RUNPATH_SEARCH_PATHS = (
					"$(inherited)",
					"@executable_path/../Frameworks",
				);
				PRODUCT_BUNDLE_IDENTIFIER = com.schools.domainmaster;
				PRODUCT_NAME = "$(TARGET_NAME)";
				SWIFT_OBJC_BRIDGING_HEADER = "DomainMaster/DomainMaster-Bridging-Header.h";
				SWIFT_VERSION = 5.0;
			};
			name = Release;
		};
/* End XCBuildConfiguration section */

/* Begin XCConfigurationList section */
		87BA48DC22A5E9B200E8DDB9 /* Build configuration list for PBXProject "DomainMaster" */ = {
			isa = XCConfigurationList;
			buildConfigurations = (
				87BA48EF22A5E9B300E8DDB9 /* Debug */,
				87BA48F022A5E9B300E8DDB9 /* Release */,
			);
			defaultConfigurationIsVisible = 0;
			defaultConfigurationName = Release;
		};
		87BA48F122A5E9B300E8DDB9 /* Build configuration list for PBXNativeTarget "DomainMaster" */ = {
			isa = XCConfigurationList;
			buildConfigurations = (
				87BA48F222A5E9B300E8DDB9 /* Debug */,
				87BA48F322A5E9B300E8DDB9 /* Release */,
			);
			defaultConfigurationIsVisible = 0;
			defaultConfigurationName = Release;
		};
/* End XCConfigurationList section */
	};
	rootObject = 87BA48D922A5E9B200E8DDB9 /* Project object */;
}
