<?xml version="1.0" encoding="UTF-8"?>
<Scheme
   version = "1.3">
   <BuildAction>
      <BuildActionEntries>
         <BuildActionEntry
            buildForRunning = "YES">
            <BuildableReference
               BuildableIdentifier = "primary"
               BlueprintIdentifier = "87BA48E022A5E9B200E8DDB9"
               BuildableName = "DomainMaster.app"
               BlueprintName = "DomainMaster"
               ReferencedContainer = "container:DomainMaster.xcodeproj">
            </BuildableReference>
         </BuildActionEntry>
      </BuildActionEntries>
   </BuildAction>
   <LaunchAction
      useCustomWorkingDirectory = "NO"
      buildConfiguration = "Debug"
      allowLocationSimulation = "YES">
      <BuildableProductRunnable>
         <BuildableReference
            BuildableIdentifier = "primary"
            BlueprintIdentifier = "87BA48E022A5E9B200E8DDB9"
            BuildableName = "DomainMaster.app"
            BlueprintName = "DomainMaster"
            ReferencedContainer = "container:DomainMaster.xcodeproj">
         </BuildableReference>
      </BuildableProductRunnable>
   </LaunchAction>
</Scheme>
