// !$*UTF8*$!
{
	archiveVersion = 1;
	classes = {
	};
	objectVersion = 50;
	objects = {

/* Begin PBXBuildFile section */
		87BA48E522A5E9B200E8DDB9 /* AppDelegate.swift in Sources */ = {isa = PBXBuildFile; fileRef = 87BA48E422A5E9B200E8DDB9 /* AppDelegate.swift */; };
		87BA48E722A5E9B200E8DDB9 /* ViewController.swift in Sources */ = {isa = PBXBuildFile; fileRef = 87BA48E622A5E9B200E8DDB9 /* ViewController.swift */; };
		87BA48E922A5E9B300E8DDB9 /* Assets.xcassets in Resources */ = {isa = PBXBuildFile; fileRef = 87BA48E822A5E9B300E8DDB9 /* Assets.xcassets */; };
		87BA48EC22A5E9B300E8DDB9 /* Main.storyboard in Resources */ = {isa = PBXBuildFile; fileRef = 87BA48EA22A5E9B300E8DDB9 /* Main.storyboard */; };
		87BA48F522A5EE8E00E8DDB9 /* DomainScrollView.swift in Sources */ = {isa = PBXBuildFile; fileRef = 87BA48F422A5EE8E00E8DDB9 /* DomainScrollView.swift */; };
		87BA48F722A5F0F400E8DDB9 /* domain-cell.xib in Resources */ = {isa = PBXBuildFile; fileRef = 87BA48F622A5F0F400E8DDB9 /* domain-cell.xib */; };
		87BA48F922A60D3400E8DDB9 /* DNSView.swift in Sources */ = {isa = PBXBuildFile; fileRef = 87BA48F822A60D3400E8DDB9 /* DNSView.swift */; };
		87BA48FB22A60DCF00E8DDB9 /* MainViewController.swift in Sources */ = {isa = PBXBuildFile; fileRef = 87BA48FA22A60DCF00E8DDB9 /* MainViewController.swift */; };
/* End PBXBuildFile section */

/* Begin PBXFileReference section */
		87BA48E122A5E9B200E8DDB9 /* product2.app */ = {isa = PBXFileReference; explicitFileType = wrapper.application; includeInIndex = 0; path = product2.app; sourceTree = BUILT_PRODUCTS_DIR; };
		87BA48E422A5E9B200E8DDB9 /* AppDelegate.swift */ = {isa = PBXFileReference; lastKnownFileType = sourcecode.swift; path = AppDelegate.swift; sourceTree = "<group>"; };
		87BA48E622A5E9B200E8DDB9 /* ViewController.swift */ = {isa = PBXFileReference; lastKnownFileType = sourcecode.swift; path = ViewController.swift; sourceTree = "<group>"; };
		87BA48E822A5E9B300E8DDB9 /* Assets.xcassets */ = {isa = PBXFileReference; lastKnownFileType = folder.assetcatalog; path = Assets.xcassets; sourceTree = "<group>"; };
		87BA48EB22A5E9B300E8DDB9 /* Base */ = {isa = PBXFileReference; lastKnownFileType = file.storyboard; name = Base; path = Base.lproj/Main.storyboard; sourceTree = "<group>"; };
		87BA48ED22A5E9B300E8DDB9 /* Info.plist */ = {isa = PBXFileReference; lastKnownFileType = text.plist.xml; path = Info.plist; sourceTree = "<group>"; };
		87BA48EE22A5E9B300E8DDB9 /* product2.entitlements */ = {isa = PBXFileReference; lastKnownFileType = text.plist.entitlements; path = product2.entitlements; sourceTree = "<group>"; };
		87BA48F422A5EE8E00E8DDB9 /* DomainScrollView.swift */ = {isa = PBXFileReference; lastKnownFileType = sourcecode.swift; path = DomainScrollView.swift; sourceTree = "<group>"; };
		87BA48F622A5F0F400E8DDB9 /* domain-cell.xib */ = {isa = PBXFileReference; lastKnownFileType = file.xib; path = "domain-cell.xib"; sourceTree = "<group>"; };
		87BA48F822A60D3400E8DDB9 /* DNSView.swift */ = {isa = PBXFileReference; lastKnownFileType = sourcecode.swift; path = DNSView.swift; sourceTree = "<group>"; };
		87BA48FA22A60DCF00E8DDB9 /* MainViewController.swift */ = {isa = PBXFileReference; lastKnownFileType = sourcecode.swift; path = MainViewController.swift; sourceTree = "<group>"; };
/* End PBXFileReference section */

/* Begin PBXFrameworksBuildPhase section */
		87BA48DE22A5E9B200E8DDB9 /* Frameworks */ = {
			isa = PBXFrameworksBuildPhase;
			buildActionMask = 2147483647;
			files = (
			);
			runOnlyForDeploymentPostprocessing = 0;
		};
/* End PBXFrameworksBuildPhase section */

/* Begin PBXGroup section */
		87BA48D822A5E9B200E8DDB9 = {
			isa = PBXGroup;
			children = (
				87BA48F622A5F0F400E8DDB9 /* domain-cell.xib */,
				87BA48E322A5E9B200E8DDB9 /* product2 */,
				87BA48E222A5E9B200E8DDB9 /* Products */,
			);
			sourceTree = "<group>";
		};
		87BA48E222A5E9B200E8DDB9 /* Products */ = {
			isa = PBXGroup;
			children = (
				87BA48E122A5E9B200E8DDB9 /* product2.app */,
			);
			name = Products;
			sourceTree = "<group>";
		};
		87BA48E322A5E9B200E8DDB9 /* product2 */ = {
			isa = PBXGroup;
			children = (
				87BA48E422A5E9B200E8DDB9 /* AppDelegate.swift */,
				87BA48E622A5E9B200E8DDB9 /* ViewController.swift */,
				87BA48E822A5E9B300E8DDB9 /* Assets.xcassets */,
				87BA48EA22A5E9B300E8DDB9 /* Main.storyboard */,
				87BA48ED22A5E9B300E8DDB9 /* Info.plist */,
				87BA48EE22A5E9B300E8DDB9 /* product2.entitlements */,
				87BA48F422A5EE8E00E8DDB9 /* DomainScrollView.swift */,
				87BA48F822A60D3400E8DDB9 /* DNSView.swift */,
				87BA48FA22A60DCF00E8DDB9 /* MainViewController.swift */,
			);
			path = product2;
			sourceTree = "<group>";
		};
/* End PBXGroup section */

/* Begin PBXNativeTarget section */
		87BA48E022A5E9B200E8DDB9 /* product2 */ = {
			isa = PBXNativeTarget;
			buildConfigurationList = 87BA48F122A5E9B300E8DDB9 /* Build configuration list for PBXNativeTarget "product2" */;
			buildPhases = (
				87BA48DD22A5E9B200E8DDB9 /* Sources */,
				87BA48DE22A5E9B200E8DDB9 /* Frameworks */,
				87BA48DF22A5E9B200E8DDB9 /* Resources */,
			);
			buildRules = (
			);
			dependencies = (
			);
			name = product2;
			productName = product2;
			productReference = 87BA48E122A5E9B200E8DDB9 /* product2.app */;
			productType = "com.apple.product-type.application";
		};
/* End PBXNativeTarget section */

/* Begin PBXProject section */
		87BA48D922A5E9B200E8DDB9 /* Project object */ = {
			isa = PBXProject;
			attributes = {
				LastSwiftUpdateCheck = 1020;
				LastUpgradeCheck = 1020;
				ORGANIZATIONNAME = "Andrew Schools";
				TargetAttributes = {
					87BA48E022A5E9B200E8DDB9 = {
						CreatedOnToolsVersion = 10.2.1;
					};
				};
			};
			buildConfigurationList = 87BA48DC22A5E9B200E8DDB9 /* Build configuration list for PBXProject "product2" */;
			compatibilityVersion = "Xcode 9.3";
			developmentRegion = en;
			hasScannedForEncodings = 0;
			knownRegions = (
				en,
				Base,
			);
			mainGroup = 87BA48D822A5E9B200E8DDB9;
			productRefGroup = 87BA48E222A5E9B200E8DDB9 /* Products */;
			projectDirPath = "";
			projectRoot = "";
			targets = (
				87BA48E022A5E9B200E8DDB9 /* product2 */,
			);
		};
/* End PBXProject section */

/* Begin PBXResourcesBuildPhase section */
		87BA48DF22A5E9B200E8DDB9 /* Resources */ = {
			isa = PBXResourcesBuildPhase;
			buildActionMask = 2147483647;
			files = (
				87BA48E922A5E9B300E8DDB9 /* Assets.xcassets in Resources */,
				87BA48EC22A5E9B300E8DDB9 /* Main.storyboard in Resources */,
				87BA48F722A5F0F400E8DDB9 /* domain-cell.xib in Resources */,
			);
			runOnlyForDeploymentPostprocessing = 0;
		};
/* End PBXResourcesBuildPhase section */

/* Begin PBXSourcesBuildPhase section */
		87BA48DD22A5E9B200E8DDB9 /* Sources */ = {
			isa = PBXSourcesBuildPhase;
			buildActionMask = 2147483647;
			files = (
				87BA48F922A60D3400E8DDB9 /* DNSView.swift in Sources */,
				87BA48E722A5E9B200E8DDB9 /* ViewController.swift in Sources */,
				87BA48F522A5EE8E00E8DDB9 /* DomainScrollView.swift in Sources */,
				87BA48E522A5E9B200E8DDB9 /* AppDelegate.swift in Sources */,
				87BA48FB22A60DCF00E8DDB9 /* MainViewController.swift in Sources */,
			);
			runOnlyForDeploymentPostprocessing = 0;
		};
/* End PBXSourcesBuildPhase section */

/* Begin PBXVariantGroup section */
		87BA48EA22A5E9B300E8DDB9 /* Main.storyboard */ = {
			isa = PBXVariantGroup;
			children = (
				87BA48EB22A5E9B300E8DDB9 /* Base */,
			);
			name = Main.storyboard;
			sourceTree = "<group>";
		};
/* End PBXVariantGroup section */

/* Begin XCBuildConfiguration section */
		87BA48EF22A5E9B300E8DDB9 /* Debug */ = {
			isa = XCBuildConfiguration;
			buildSettings = {
				ALWAYS_SEARCH_USER_PATHS = NO;
				CLANG_ANALYZER_NONNULL = YES;
				CLANG_ANALYZER_NUMBER_OBJECT_CONVERSION = YES_AGGRESSIVE;
				CLANG_CXX_LANGUAGE_STANDARD = "gnu++14";
				CLANG_CXX_LIBRARY = "libc++";
				CLANG_ENABLE_MODULES = YES;
				CLANG_ENABLE_OBJC_ARC = YES;
				CLANG_ENABLE_OBJC_WEAK = YES;
				CLANG_WARN_BLOCK_CAPTURE_AUTORELEASING = YES;
				CLANG_WARN_BOOL_CONVERSION = YES;
				CLANG_WARN_COMMA = YES;
				CLANG_WARN_CONSTANT_CONVERSION = YES;
				CLANG_WARN_DEPRECATED_OBJC_IMPLEMENTATIONS = YES;
				CLANG_WARN_DIRECT_OBJC_ISA_USAGE = YES_ERROR;
				CLANG_WARN_DOCUMENTATION_COMMENTS = YES;
				CLANG_WARN_EMPTY_BODY = YES;
				CLANG_WARN_ENUM_CONVERSION = YES;
				CLANG_WARN_INFINITE_RECURSION = YES;
				CLANG_WARN_INT_CONVERSION = YES;
				CLANG_WARN_NON_LITERAL_NULL_CONVERSION = YES;
				CLANG_WARN_OBJC_IMPLICIT_RETAIN_SELF = YES;
				CLANG_WARN_OBJC_LITERAL_CONVERSION = YES;
				CLANG_WARN_OBJC_ROOT_CLASS = YES_ERROR;
				CLANG_WARN_RANGE_LOOP_ANALYSIS = YES;
				CLANG_WARN_STRICT_PROTOTYPES = YES;
				CLANG_WARN_SUSPICIOUS_MOVE = YES;
				CLANG_WARN_UNGUARDED_AVAILABILITY = YES_AGGRESSIVE;
				CLANG_WARN_UNREACHABLE_CODE = YES;
				CLANG_WARN__DUPLICATE_METHOD_MATCH = YES;
				CODE_SIGN_IDENTITY = "-";
				COPY_PHASE_STRIP = NO;
				DEBUG_INFORMATION_FORMAT = dwarf;
				ENABLE_STRICT_OBJC_MSGSEND = YES;
				ENABLE_TESTABILITY = YES;
				GCC_C_LANGUAGE_STANDARD = gnu11;
				GCC_DYNAMIC_NO_PIC = NO;
				GCC_NO_COMMON_BLOCKS = YES;
				GCC_OPTIMIZATION_LEVEL = 0;
				GCC_PREPROCESSOR_DEFINITIONS = (
					"DEBUG=1",
					"$(inherited)",
				);
				GCC_WARN_64_TO_32_BIT_CONVERSION = YES;
				GCC_WARN_ABOUT_RETURN_TYPE = YES_ERROR;
				GCC_WARN_UNDECLARED_SELECTOR = YES;
				GCC_WARN_UNINITIALIZED_AUTOS = YES_AGGRESSIVE;
				GCC_WARN_UNUSED_FUNCTION = YES;
				GCC_WARN_UNUSED_VARIABLE = YES;
				MACOSX_DEPLOYMENT_TARGET = 10.14;
				MTL_ENABLE_DEBUG_INFO = INCLUDE_SOURCE;
				MTL_FAST_MATH = YES;
				ONLY_ACTIVE_ARCH = YES;
				SDKROOT = macosx;
				SWIFT_ACTIVE_COMPILATION_CONDITIONS = DEBUG;
				SWIFT_OPTIMIZATION_LEVEL = "-Onone";
			};
			name = Debug;
		};
		87BA48F022A5E9B300E8DDB9 /* Release */ = {
			isa = XCBuildConfiguration;
			buildSettings = {
				ALWAYS_SEARCH_USER_PATHS = NO;
				CLANG_ANALYZER_NONNULL = YES;
				CLANG_ANALYZER_NUMBER_OBJECT_CONVERSION = YES_AGGRESSIVE;
				CLANG_CXX_LANGUAGE_STANDARD = "gnu++14";
				CLANG_CXX_LIBRARY = "libc++";
				CLANG_ENABLE_MODULES = YES;
				CLANG_ENABLE_OBJC_ARC = YES;
				CLANG_ENABLE_OBJC_WEAK = YES;
				CLANG_WARN_BLOCK_CAPTURE_AUTORELEASING = YES;
				CLANG_WARN_BOOL_CONVERSION = YES;
				CLANG_WARN_COMMA = YES;
				CLANG_WARN_CONSTANT_CONVERSION = YES;
				CLANG_WARN_DEPRECATED_OBJC_IMPLEMENTATIONS = YES;
				CLANG_WARN_DIRECT_OBJC_ISA_USAGE = YES_ERROR;
				CLANG_WARN_DOCUMENTATION_COMMENTS = YES;
				CLANG_WARN_EMPTY_BODY = YES;
				CLANG_WARN_ENUM_CONVERSION = YES;
				CLANG_WARN_INFINITE_RECURSION = YES;
				CLANG_WARN_INT_CONVERSION = YES;
				CLANG_WARN_NON_LITERAL_NULL_CONVERSION = YES;
				CLANG_WARN_OBJC_IMPLICIT_RETAIN_SELF = YES;
				CLANG_WARN_OBJC_LITERAL_CONVERSION = YES;
				CLANG_WARN_OBJC_ROOT_CLASS = YES_ERROR;
				CLANG_WARN_RANGE_LOOP_ANALYSIS = YES;
				CLANG_WARN_STRICT_PROTOTYPES = YES;
				CLANG_WARN_SUSPICIOUS_MOVE = YES;
				CLANG_WARN_UNGUARDED_AVAILABILITY = YES_AGGRESSIVE;
				CLANG_WARN_UNREACHABLE_CODE = YES;
				CLANG_WARN__DUPLICATE_METHOD_MATCH = YES;
				CODE_SIGN_IDENTITY = "-";
				COPY_PHASE_STRIP = NO;
				DEBUG_INFORMATION_FORMAT = "dwarf-with-dsym";
				ENABLE_NS_ASSERTIONS = NO;
				ENABLE_STRICT_OBJC_MSGSEND = YES;
				GCC_C_LANGUAGE_STANDARD = gnu11;
				GCC_NO_COMMON_BLOCKS = YES;
				GCC_WARN_64_TO_32_BIT_CONVERSION = YES;
				GCC_WARN_ABOUT_RETURN_TYPE = YES_ERROR;
				GCC_WARN_UNDECLARED_SELECTOR = YES;
				GCC_WARN_UNINITIALIZED_AUTOS = YES_AGGRESSIVE;
				GCC_WARN_UNUSED_FUNCTION = YES;
				GCC_WARN_UNUSED_VARIABLE = YES;
				MACOSX_DEPLOYMENT_TARGET = 10.14;
				MTL_ENABLE_DEBUG_INFO = NO;
				MTL_FAST_MATH = YES;
				SDKROOT = macosx;
				SWIFT_COMPILATION_MODE = wholemodule;
				SWIFT_OPTIMIZATION_LEVEL = "-O";
			};
			name = Release;
		};
		87BA48F222A5E9B300E8DDB9 /* Debug */ = {
			isa = XCBuildConfiguration;
			buildSettings = {
				ASSETCATALOG_COMPILER_APPICON_NAME = AppIcon;
				CODE_SIGN_ENTITLEMENTS = product2/product2.entitlements;
				CODE_SIGN_STYLE = Automatic;
				COMBINE_HIDPI_IMAGES = YES;
				INFOPLIST_FILE = product2/Info.plist;
				LD_RUNPATH_SEARCH_PATHS = (
					"$(inherited)",
					"@executable_path/../Frameworks",
				);
				PRODUCT_BUNDLE_IDENTIFIER = com.schools.product2;
				PRODUCT_NAME = "$(TARGET_NAME)";
				SWIFT_VERSION = 5.0;
			};
			name = Debug;
		};
		87BA48F322A5E9B300E8DDB9 /* Release */ = {
			isa = XCBuildConfiguration;
			buildSettings = {
				ASSETCATALOG_COMPILER_APPICON_NAME = AppIcon;
				CODE_SIGN_ENTITLEMENTS = product2/product2.entitlements;
				CODE_SIGN_STYLE = Automatic;
				COMBINE_HIDPI_IMAGES = YES;
				INFOPLIST_FILE = product2/Info.plist;
				LD_RUNPATH_SEARCH_PATHS = (
					"$(inherited)",
					"@executable_path/../Frameworks",
				);
				PRODUCT_BUNDLE_IDENTIFIER = com.schools.product2;
				PRODUCT_NAME = "$(TARGET_NAME)";
				SWIFT_VERSION = 5.0;
			};
			name = Release;
		};
/* End XCBuildConfiguration section */

/* Begin XCConfigurationList section */
		87BA48DC22A5E9B200E8DDB9 /* Build configuration list for PBXProject "product2" */ = {
			isa = XCConfigurationList;
			buildConfigurations = (
				87BA48EF22A5E9B300E8DDB9 /* Debug */,
				87BA48F022A5E9B300E8DDB9 /* Release */,
			);
			defaultConfigurationIsVisible = 0;
			defaultConfigurationName = Release;
		};
		87BA48F122A5E9B300E8DDB9 /* Build configuration list for PBXNativeTarget "product2" */ = {
			isa = XCConfigurationList;
			buildConfigurations = (
				87BA48F222A5E9B300E8DDB9 /* Debug */,
				87BA48F322A5E9B300E8DDB9 /* Release */,
			);
			defaultConfigurationIsVisible = 0;
			defaultConfigurationName = Release;
		};
/* End XCConfigurationList section */
	};
	rootObject = 87BA48D922A5E9B200E8DDB9 /* Project object */;
}
